
Microsoft Visual Studio Solution File, Format Version 12.00
# Visual Studio Version 17
VisualStudioVersion = 17.14.36212.18 d17.14
MinimumVisualStudioVersion = 10.0.40219.1
Project("{FAE04EC0-301F-11D3-BF4B-00C04F79EFBC}") = "FamilyBudgetApp", "FamilyBudgetApp\FamilyBudgetApp.csproj", "{B9ECFD48-C443-428F-947B-67E795739A6D}"
EndProject
Global
	GlobalSection(SolutionConfigurationPlatforms) = preSolution
		Debug|Any CPU = Debug|Any CPU
		Release|Any CPU = Release|Any CPU
	EndGlobalSection
	GlobalSection(ProjectConfigurationPlatforms) = postSolution
		{B9ECFD48-C443-428F-947B-67E795739A6D}.Debug|Any CPU.ActiveCfg = Debug|Any CPU
		{B9ECFD48-C443-428F-947B-67E795739A6D}.Debug|Any CPU.Build.0 = Debug|Any CPU
		{B9ECFD48-C443-428F-947B-67E795739A6D}.Release|Any CPU.ActiveCfg = Release|Any CPU
		{B9ECFD48-C443-428F-947B-67E795739A6D}.Release|Any CPU.Build.0 = Release|Any CPU
	EndGlobalSection
	GlobalSection(SolutionProperties) = preSolution
		HideSolutionNode = FALSE
	EndGlobalSection
	GlobalSection(ExtensibilityGlobals) = postSolution
		SolutionGuid = {06405963-7FB2-4495-BA67-5D589FECDEA3}
	EndGlobalSection
EndGlobal
